// !$*UTF8*$!
{
	archiveVersion = 1;
	classes = {
	};
	objectVersion = 50;
	objects = {

/* Begin PBXBuildFile section */
		76F4F3C924BDA5090098360C /* AppDelegate.swift in Sources */ = {isa = PBXBuildFile; fileRef = 76F4F3C824BDA5090098360C /* AppDelegate.swift */; };
		76F4F3CB24BDA5090098360C /* SceneDelegate.swift in Sources */ = {isa = PBXBuildFile; fileRef = 76F4F3CA24BDA5090098360C /* SceneDelegate.swift */; };
		76F4F3CD24BDA5090098360C /* ContentView.swift in Sources */ = {isa = PBXBuildFile; fileRef = 76F4F3CC24BDA5090098360C /* ContentView.swift */; };
		76F4F3CF24BDA50A0098360C /* Assets.xcassets in Resources */ = {isa = PBXBuildFile; fileRef = 76F4F3CE24BDA50A0098360C /* Assets.xcassets */; };
		76F4F3D224BDA50A0098360C /* Preview Assets.xcassets in Resources */ = {isa = PBXBuildFile; fileRef = 76F4F3D124BDA50A0098360C /* Preview Assets.xcassets */; };
		76F4F3D524BDA50A0098360C /* LaunchScreen.storyboard in Resources */ = {isa = PBXBuildFile; fileRef = 76F4F3D324BDA50A0098360C /* LaunchScreen.storyboard */; };
/* End PBXBuildFile section */

/* Begin PBXFileReference section */
		76F4F3C524BDA5090098360C /* Begin.app */ = {isa = PBXFileReference; explicitFileType = wrapper.application; includeInIndex = 0; path = Begin.app; sourceTree = BUILT_PRODUCTS_DIR; };
		76F4F3C824BDA5090098360C /* AppDelegate.swift */ = {isa = PBXFileReference; lastKnownFileType = sourcecode.swift; path = AppDelegate.swift; sourceTree = "<group>"; };
		76F4F3CA24BDA5090098360C /* SceneDelegate.swift */ = {isa = PBXFileReference; lastKnownFileType = sourcecode.swift; path = SceneDelegate.swift; sourceTree = "<group>"; };
		76F4F3CC24BDA5090098360C /* ContentView.swift */ = {isa = PBXFileReference; lastKnownFileType = sourcecode.swift; path = ContentView.swift; sourceTree = "<group>"; };
		76F4F3CE24BDA50A0098360C /* Assets.xcassets */ = {isa = PBXFileReference; lastKnownFileType = folder.assetcatalog; path = Assets.xcassets; sourceTree = "<group>"; };
		76F4F3D124BDA50A0098360C /* Preview Assets.xcassets */ = {isa = PBXFileReference; lastKnownFileType = folder.assetcatalog; path = "Preview Assets.xcassets"; sourceTree = "<group>"; };
		76F4F3D424BDA50A0098360C /* Base */ = {isa = PBXFileReference; lastKnownFileType = file.storyboard; name = Base; path = Base.lproj/LaunchScreen.storyboard; sourceTree = "<group>"; };
		76F4F3D624BDA50A0098360C /* Info.plist */ = {isa = PBXFileReference; lastKnownFileType = text.plist.xml; path = Info.plist; sourceTree = "<group>"; };
/* End PBXFileReference section */

/* Begin PBXFrameworksBuildPhase section */
		76F4F3C224BDA5090098360C /* Frameworks */ = {
			isa = PBXFrameworksBuildPhase;
			buildActionMask = 2147483647;
			files = (
			);
			runOnlyForDeploymentPostprocessing = 0;
		};
/* End PBXFrameworksBuildPhase section */

/* Begin PBXGroup section */
		76F4F3BC24BDA5090098360C = {
			isa = PBXGroup;
			children = (
				76F4F3C724BDA5090098360C /* Begin */,
				76F4F3C624BDA5090098360C /* Products */,
			);
			sourceTree = "<group>";
		};
		76F4F3C624BDA5090098360C /* Products */ = {
			isa = PBXGroup;
			children = (
				76F4F3C524BDA5090098360C /* Begin.app */,
			);
			name = Products;
			sourceTree = "<group>";
		};
		76F4F3C724BDA5090098360C /* Begin */ = {
			isa = PBXGroup;
			children = (
				76F4F3C824BDA5090098360C /* AppDelegate.swift */,
				76F4F3CA24BDA5090098360C /* SceneDelegate.swift */,
				76F4F3CC24BDA5090098360C /* ContentView.swift */,
				76F4F3CE24BDA50A0098360C /* Assets.xcassets */,
				76F4F3D324BDA50A0098360C /* LaunchScreen.storyboard */,
				76F4F3D624BDA50A0098360C /* Info.plist */,
				76F4F3D024BDA50A0098360C /* Preview Content */,
			);
			path = Begin;
			sourceTree = "<group>";
		};
		76F4F3D024BDA50A0098360C /* Preview Content */ = {
			isa = PBXGroup;
			children = (
				76F4F3D124BDA50A0098360C /* Preview Assets.xcassets */,
			);
			path = "Preview Content";
			sourceTree = "<group>";
		};
/* End PBXGroup section */

/* Begin PBXNativeTarget section */
		76F4F3C424BDA5090098360C /* Begin */ = {
			isa = PBXNativeTarget;
			buildConfigurationList = 76F4F3D924BDA50A0098360C /* Build configuration list for PBXNativeTarget "Begin" */;
			buildPhases = (
				76F4F3C124BDA5090098360C /* Sources */,
				76F4F3C224BDA5090098360C /* Frameworks */,
				76F4F3C324BDA5090098360C /* Resources */,
			);
			buildRules = (
			);
			dependencies = (
			);
			name = Begin;
			productName = Begin;
			productReference = 76F4F3C524BDA5090098360C /* Begin.app */;
			productType = "com.apple.product-type.application";
		};
/* End PBXNativeTarget section */

/* Begin PBXProject section */
		76F4F3BD24BDA5090098360C /* Project object */ = {
			isa = PBXProject;
			attributes = {
				LastSwiftUpdateCheck = 1150;
				LastUpgradeCheck = 1150;
				ORGANIZATIONNAME = Bone;
				TargetAttributes = {
					76F4F3C424BDA5090098360C = {
						CreatedOnToolsVersion = 11.5;
					};
				};
			};
			buildConfigurationList = 76F4F3C024BDA5090098360C /* Build configuration list for PBXProject "Begin" */;
			compatibilityVersion = "Xcode 9.3";
			developmentRegion = en;
			hasScannedForEncodings = 0;
			knownRegions = (
				en,
				Base,
			);
			mainGroup = 76F4F3BC24BDA5090098360C;
			productRefGroup = 76F4F3C624BDA5090098360C /* Products */;
			projectDirPath = "";
			projectRoot = "";
			targets = (
				76F4F3C424BDA5090098360C /* Begin */,
			);
		};
/* End PBXProject section */

/* Begin PBXResourcesBuildPhase section */
		76F4F3C324BDA5090098360C /* Resources */ = {
			isa = PBXResourcesBuildPhase;
			buildActionMask = 2147483647;
			files = (
				76F4F3D524BDA50A0098360C /* LaunchScreen.storyboard in Resources */,
				76F4F3D224BDA50A0098360C /* Preview Assets.xcassets in Resources */,
				76F4F3CF24BDA50A0098360C /* Assets.xcassets in Resources */,
			);
			runOnlyForDeploymentPostprocessing = 0;
		};
/* End PBXResourcesBuildPhase section */

/* Begin PBXSourcesBuildPhase section */
		76F4F3C124BDA5090098360C /* Sources */ = {
			isa = PBXSourcesBuildPhase;
			buildActionMask = 2147483647;
			files = (
				76F4F3C924BDA5090098360C /* AppDelegate.swift in Sources */,
				76F4F3CB24BDA5090098360C /* SceneDelegate.swift in Sources */,
				76F4F3CD24BDA5090098360C /* ContentView.swift in Sources */,
			);
			runOnlyForDeploymentPostprocessing = 0;
		};
/* End PBXSourcesBuildPhase section */

/* Begin PBXVariantGroup section */
		76F4F3D324BDA50A0098360C /* LaunchScreen.storyboard */ = {
			isa = PBXVariantGroup;
			children = (
				76F4F3D424BDA50A0098360C /* Base */,
			);
			name = LaunchScreen.storyboard;
			sourceTree = "<group>";
		};
/* End PBXVariantGroup section */

/* Begin XCBuildConfiguration section */
		76F4F3D724BDA50A0098360C /* Debug */ = {
			isa = XCBuildConfiguration;
			buildSettings = {
				ALWAYS_SEARCH_USER_PATHS = NO;
				CLANG_ANALYZER_NONNULL = YES;
				CLANG_ANALYZER_NUMBER_OBJECT_CONVERSION = YES_AGGRESSIVE;
				CLANG_CXX_LANGUAGE_STANDARD = "gnu++14";
				CLANG_CXX_LIBRARY = "libc++";
				CLANG_ENABLE_MODULES = YES;
				CLANG_ENABLE_OBJC_ARC = YES;
				CLANG_ENABLE_OBJC_WEAK = YES;
				CLANG_WARN_BLOCK_CAPTURE_AUTORELEASING = YES;
				CLANG_WARN_BOOL_CONVERSION = YES;
				CLANG_WARN_COMMA = YES;
				CLANG_WARN_CONSTANT_CONVERSION = YES;
				CLANG_WARN_DEPRECATED_OBJC_IMPLEMENTATIONS = YES;
				CLANG_WARN_DIRECT_OBJC_ISA_USAGE = YES_ERROR;
				CLANG_WARN_DOCUMENTATION_COMMENTS = YES;
				CLANG_WARN_EMPTY_BODY = YES;
				CLANG_WARN_ENUM_CONVERSION = YES;
				CLANG_WARN_INFINITE_RECURSION = YES;
				CLANG_WARN_INT_CONVERSION = YES;
				CLANG_WARN_NON_LITERAL_NULL_CONVERSION = YES;
				CLANG_WARN_OBJC_IMPLICIT_RETAIN_SELF = YES;
				CLANG_WARN_OBJC_LITERAL_CONVERSION = YES;
				CLANG_WARN_OBJC_ROOT_CLASS = YES_ERROR;
				CLANG_WARN_RANGE_LOOP_ANALYSIS = YES;
				CLANG_WARN_STRICT_PROTOTYPES = YES;
				CLANG_WARN_SUSPICIOUS_MOVE = YES;
				CLANG_WARN_UNGUARDED_AVAILABILITY = YES_AGGRESSIVE;
				CLANG_WARN_UNREACHABLE_CODE = YES;
				CLANG_WARN__DUPLICATE_METHOD_MATCH = YES;
				COPY_PHASE_STRIP = NO;
				DEBUG_INFORMATION_FORMAT = dwarf;
				ENABLE_STRICT_OBJC_MSGSEND = YES;
				ENABLE_TESTABILITY = YES;
				GCC_C_LANGUAGE_STANDARD = gnu11;
				GCC_DYNAMIC_NO_PIC = NO;
				GCC_NO_COMMON_BLOCKS = YES;
				GCC_OPTIMIZATION_LEVEL = 0;
				GCC_PREPROCESSOR_DEFINITIONS = (
					"DEBUG=1",
					"$(inherited)",
				);
				GCC_WARN_64_TO_32_BIT_CONVERSION = YES;
				GCC_WARN_ABOUT_RETURN_TYPE = YES_ERROR;
				GCC_WARN_UNDECLARED_SELECTOR = YES;
				GCC_WARN_UNINITIALIZED_AUTOS = YES_AGGRESSIVE;
				GCC_WARN_UNUSED_FUNCTION = YES;
				GCC_WARN_UNUSED_VARIABLE = YES;
				IPHONEOS_DEPLOYMENT_TARGET = 13.5;
				MTL_ENABLE_DEBUG_INFO = INCLUDE_SOURCE;
				MTL_FAST_MATH = YES;
				ONLY_ACTIVE_ARCH = YES;
				SDKROOT = iphoneos;
				SWIFT_ACTIVE_COMPILATION_CONDITIONS = DEBUG;
				SWIFT_OPTIMIZATION_LEVEL = "-Onone";
			};
			name = Debug;
		};
		76F4F3D824BDA50A0098360C /* Release */ = {
			isa = XCBuildConfiguration;
			buildSettings = {
				ALWAYS_SEARCH_USER_PATHS = NO;
				CLANG_ANALYZER_NONNULL = YES;
				CLANG_ANALYZER_NUMBER_OBJECT_CONVERSION = YES_AGGRESSIVE;
				CLANG_CXX_LANGUAGE_STANDARD = "gnu++14";
				CLANG_CXX_LIBRARY = "libc++";
				CLANG_ENABLE_MODULES = YES;
				CLANG_ENABLE_OBJC_ARC = YES;
				CLANG_ENABLE_OBJC_WEAK = YES;
				CLANG_WARN_BLOCK_CAPTURE_AUTORELEASING = YES;
				CLANG_WARN_BOOL_CONVERSION = YES;
				CLANG_WARN_COMMA = YES;
				CLANG_WARN_CONSTANT_CONVERSION = YES;
				CLANG_WARN_DEPRECATED_OBJC_IMPLEMENTATIONS = YES;
				CLANG_WARN_DIRECT_OBJC_ISA_USAGE = YES_ERROR;
				CLANG_WARN_DOCUMENTATION_COMMENTS = YES;
				CLANG_WARN_EMPTY_BODY = YES;
				CLANG_WARN_ENUM_CONVERSION = YES;
				CLANG_WARN_INFINITE_RECURSION = YES;
				CLANG_WARN_INT_CONVERSION = YES;
				CLANG_WARN_NON_LITERAL_NULL_CONVERSION = YES;
				CLANG_WARN_OBJC_IMPLICIT_RETAIN_SELF = YES;
				CLANG_WARN_OBJC_LITERAL_CONVERSION = YES;
				CLANG_WARN_OBJC_ROOT_CLASS = YES_ERROR;
				CLANG_WARN_RANGE_LOOP_ANALYSIS = YES;
				CLANG_WARN_STRICT_PROTOTYPES = YES;
				CLANG_WARN_SUSPICIOUS_MOVE = YES;
				CLANG_WARN_UNGUARDED_AVAILABILITY = YES_AGGRESSIVE;
				CLANG_WARN_UNREACHABLE_CODE = YES;
				CLANG_WARN__DUPLICATE_METHOD_MATCH = YES;
				COPY_PHASE_STRIP = NO;
				DEBUG_INFORMATION_FORMAT = "dwarf-with-dsym";
				ENABLE_NS_ASSERTIONS = NO;
				ENABLE_STRICT_OBJC_MSGSEND = YES;
				GCC_C_LANGUAGE_STANDARD = gnu11;
				GCC_NO_COMMON_BLOCKS = YES;
				GCC_WARN_64_TO_32_BIT_CONVERSION = YES;
				GCC_WARN_ABOUT_RETURN_TYPE = YES_ERROR;
				GCC_WARN_UNDECLARED_SELECTOR = YES;
				GCC_WARN_UNINITIALIZED_AUTOS = YES_AGGRESSIVE;
				GCC_WARN_UNUSED_FUNCTION = YES;
				GCC_WARN_UNUSED_VARIABLE = YES;
				IPHONEOS_DEPLOYMENT_TARGET = 13.5;
				MTL_ENABLE_DEBUG_INFO = NO;
				MTL_FAST_MATH = YES;
				SDKROOT = iphoneos;
				SWIFT_COMPILATION_MODE = wholemodule;
				SWIFT_OPTIMIZATION_LEVEL = "-O";
				VALIDATE_PRODUCT = YES;
			};
			name = Release;
		};
		76F4F3DA24BDA50A0098360C /* Debug */ = {
			isa = XCBuildConfiguration;
			buildSettings = {
				ASSETCATALOG_COMPILER_APPICON_NAME = AppIcon;
				CODE_SIGN_STYLE = Automatic;
				DEVELOPMENT_ASSET_PATHS = "\"Begin/Preview Content\"";
				DEVELOPMENT_TEAM = WEX4RC423M;
				ENABLE_PREVIEWS = YES;
				INFOPLIST_FILE = Begin/Info.plist;
				LD_RUNPATH_SEARCH_PATHS = (
					"$(inherited)",
					"@executable_path/Frameworks",
				);
				PRODUCT_BUNDLE_IDENTIFIER = com.happyWindMan.Begin;
				PRODUCT_NAME = "$(TARGET_NAME)";
				SWIFT_VERSION = 5.0;
				TARGETED_DEVICE_FAMILY = "1,2";
			};
			name = Debug;
		};
		76F4F3DB24BDA50A0098360C /* Release */ = {
			isa = XCBuildConfiguration;
			buildSettings = {
				ASSETCATALOG_COMPILER_APPICON_NAME = AppIcon;
				CODE_SIGN_STYLE = Automatic;
				DEVELOPMENT_ASSET_PATHS = "\"Begin/Preview Content\"";
				DEVELOPMENT_TEAM = WEX4RC423M;
				ENABLE_PREVIEWS = YES;
				INFOPLIST_FILE = Begin/Info.plist;
				LD_RUNPATH_SEARCH_PATHS = (
					"$(inherited)",
					"@executable_path/Frameworks",
				);
				PRODUCT_BUNDLE_IDENTIFIER = com.happyWindMan.Begin;
				PRODUCT_NAME = "$(TARGET_NAME)";
				SWIFT_VERSION = 5.0;
				TARGETED_DEVICE_FAMILY = "1,2";
			};
			name = Release;
		};
/* End XCBuildConfiguration section */

/* Begin XCConfigurationList section */
		76F4F3C024BDA5090098360C /* Build configuration list for PBXProject "Begin" */ = {
			isa = XCConfigurationList;
			buildConfigurations = (
				76F4F3D724BDA50A0098360C /* Debug */,
				76F4F3D824BDA50A0098360C /* Release */,
			);
			defaultConfigurationIsVisible = 0;
			defaultConfigurationName = Release;
		};
		76F4F3D924BDA50A0098360C /* Build configuration list for PBXNativeTarget "Begin" */ = {
			isa = XCConfigurationList;
			buildConfigurations = (
				76F4F3DA24BDA50A0098360C /* Debug */,
				76F4F3DB24BDA50A0098360C /* Release */,
			);
			defaultConfigurationIsVisible = 0;
			defaultConfigurationName = Release;
		};
/* End XCConfigurationList section */
	};
	rootObject = 76F4F3BD24BDA5090098360C /* Project object */;
}
